{
  "nodes": {
    "nixpkgs": {
      "locked": {
        "lastModified": 1598046727,
        "narHash": "sha256-/4CHrmPyXMBku/fFS2wImLgunkzJRRZe1N3BhRuYLDo=",
        "path": "/nix/store/rm2ds1mdj82gkadvhd9q5k259v87dahq-source",
        "rev": "e10dc498706538563f1e0549a2b88fe8d814608e",
        "type": "path"
      },
      "original": {
        "id": "nixpkgs",
        "type": "indirect"
      }
    },
    "root": {
      "inputs": {
        "nixpkgs": "nixpkgs"
      }
    }
  },
  "root": "root",
  "version": 7
}
